PODS:
  - Masonry (1.0.2)
  - MBProgressHUD (1.0.0)
  - SDWebImage (3.8.2):
    - SDWebImage/Core (= 3.8.2)
  - SDWebImage/Core (3.8.2)
  - UIImage-Helpers (0.0.3)

DEPENDENCIES:
  - Masonry
  - MBProgressHUD
  - SDWebImage
  - UIImage-Helpers

SPEC CHECKSUMS:
  Masonry: 7c429b56da9d4ee0bbb3ed77a5ea710d6a5df39e
  MBProgressHUD: 4890f671c94e8a0f3cf959aa731e9de2f036d71a
  SDWebImage: 098e97e6176540799c27e804c96653ee0833d13c
  UIImage-Helpers: 06b04a42bdd222844035602e87e936765c80f620

PODFILE CHECKSUM: 9ac77084a0db0efdc11523ed61de81fbc8cebdc8

COCOAPODS: 1.2.0
